// !$*UTF8*$!
{
	archiveVersion = 1;
	classes = {
	};
	objectVersion = 50;
	objects = {

/* Begin PBXBuildFile section */
		D87AC7F72641C08900194AE4 /* AppDelegate.swift in Sources */ = {isa = PBXBuildFile; fileRef = D87AC7F62641C08900194AE4 /* AppDelegate.swift */; };
		D87AC7F92641C08900194AE4 /* SceneDelegate.swift in Sources */ = {isa = PBXBuildFile; fileRef = D87AC7F82641C08900194AE4 /* SceneDelegate.swift */; };
		D87AC7FB2641C08900194AE4 /* ViewController.swift in Sources */ = {isa = PBXBuildFile; fileRef = D87AC7FA2641C08900194AE4 /* ViewController.swift */; };
		D87AC7FE2641C08900194AE4 /* Main.storyboard in Resources */ = {isa = PBXBuildFile; fileRef = D87AC7FC2641C08900194AE4 /* Main.storyboard */; };
		D87AC8002641C08A00194AE4 /* Assets.xcassets in Resources */ = {isa = PBXBuildFile; fileRef = D87AC7FF2641C08A00194AE4 /* Assets.xcassets */; };
		D87AC8032641C08A00194AE4 /* LaunchScreen.storyboard in Resources */ = {isa = PBXBuildFile; fileRef = D87AC8012641C08A00194AE4 /* LaunchScreen.storyboard */; };
		D87AC80D2641C0D100194AE4 /* AKStudent.swift in Sources */ = {isa = PBXBuildFile; fileRef = D87AC80C2641C0D100194AE4 /* AKStudent.swift */; };
/* End PBXBuildFile section */

/* Begin PBXFileReference section */
		D87AC7F32641C08900194AE4 /* Lesson_08.Dictionary.app */ = {isa = PBXFileReference; explicitFileType = wrapper.application; includeInIndex = 0; path = Lesson_08.Dictionary.app; sourceTree = BUILT_PRODUCTS_DIR; };
		D87AC7F62641C08900194AE4 /* AppDelegate.swift */ = {isa = PBXFileReference; lastKnownFileType = sourcecode.swift; path = AppDelegate.swift; sourceTree = "<group>"; };
		D87AC7F82641C08900194AE4 /* SceneDelegate.swift */ = {isa = PBXFileReference; lastKnownFileType = sourcecode.swift; path = SceneDelegate.swift; sourceTree = "<group>"; };
		D87AC7FA2641C08900194AE4 /* ViewController.swift */ = {isa = PBXFileReference; lastKnownFileType = sourcecode.swift; path = ViewController.swift; sourceTree = "<group>"; };
		D87AC7FD2641C08900194AE4 /* Base */ = {isa = PBXFileReference; lastKnownFileType = file.storyboard; name = Base; path = Base.lproj/Main.storyboard; sourceTree = "<group>"; };
		D87AC7FF2641C08A00194AE4 /* Assets.xcassets */ = {isa = PBXFileReference; lastKnownFileType = folder.assetcatalog; path = Assets.xcassets; sourceTree = "<group>"; };
		D87AC8022641C08A00194AE4 /* Base */ = {isa = PBXFileReference; lastKnownFileType = file.storyboard; name = Base; path = Base.lproj/LaunchScreen.storyboard; sourceTree = "<group>"; };
		D87AC8042641C08A00194AE4 /* Info.plist */ = {isa = PBXFileReference; lastKnownFileType = text.plist.xml; path = Info.plist; sourceTree = "<group>"; };
		D87AC80C2641C0D100194AE4 /* AKStudent.swift */ = {isa = PBXFileReference; lastKnownFileType = sourcecode.swift; path = AKStudent.swift; sourceTree = "<group>"; };
/* End PBXFileReference section */

/* Begin PBXFrameworksBuildPhase section */
		D87AC7F02641C08900194AE4 /* Frameworks */ = {
			isa = PBXFrameworksBuildPhase;
			buildActionMask = 2147483647;
			files = (
			);
			runOnlyForDeploymentPostprocessing = 0;
		};
/* End PBXFrameworksBuildPhase section */

/* Begin PBXGroup section */
		D87AC7EA2641C08900194AE4 = {
			isa = PBXGroup;
			children = (
				D87AC7F52641C08900194AE4 /* Lesson_08.Dictionary */,
				D87AC7F42641C08900194AE4 /* Products */,
			);
			sourceTree = "<group>";
		};
		D87AC7F42641C08900194AE4 /* Products */ = {
			isa = PBXGroup;
			children = (
				D87AC7F32641C08900194AE4 /* Lesson_08.Dictionary.app */,
			);
			name = Products;
			sourceTree = "<group>";
		};
		D87AC7F52641C08900194AE4 /* Lesson_08.Dictionary */ = {
			isa = PBXGroup;
			children = (
				D87AC80A2641C0A400194AE4 /* Classes */,
				D87AC7F62641C08900194AE4 /* AppDelegate.swift */,
				D87AC7F82641C08900194AE4 /* SceneDelegate.swift */,
				D87AC7FA2641C08900194AE4 /* ViewController.swift */,
				D87AC7FC2641C08900194AE4 /* Main.storyboard */,
				D87AC7FF2641C08A00194AE4 /* Assets.xcassets */,
				D87AC8012641C08A00194AE4 /* LaunchScreen.storyboard */,
				D87AC8042641C08A00194AE4 /* Info.plist */,
			);
			path = Lesson_08.Dictionary;
			sourceTree = "<group>";
		};
		D87AC80A2641C0A400194AE4 /* Classes */ = {
			isa = PBXGroup;
			children = (
				D87AC80B2641C0BE00194AE4 /* Student */,
			);
			path = Classes;
			sourceTree = "<group>";
		};
		D87AC80B2641C0BE00194AE4 /* Student */ = {
			isa = PBXGroup;
			children = (
				D87AC80C2641C0D100194AE4 /* AKStudent.swift */,
			);
			path = Student;
			sourceTree = "<group>";
		};
/* End PBXGroup section */

/* Begin PBXNativeTarget section */
		D87AC7F22641C08900194AE4 /* Lesson_08.Dictionary */ = {
			isa = PBXNativeTarget;
			buildConfigurationList = D87AC8072641C08A00194AE4 /* Build configuration list for PBXNativeTarget "Lesson_08.Dictionary" */;
			buildPhases = (
				D87AC7EF2641C08900194AE4 /* Sources */,
				D87AC7F02641C08900194AE4 /* Frameworks */,
				D87AC7F12641C08900194AE4 /* Resources */,
			);
			buildRules = (
			);
			dependencies = (
			);
			name = Lesson_08.Dictionary;
			productName = Lesson_08.Dictionary;
			productReference = D87AC7F32641C08900194AE4 /* Lesson_08.Dictionary.app */;
			productType = "com.apple.product-type.application";
		};
/* End PBXNativeTarget section */

/* Begin PBXProject section */
		D87AC7EB2641C08900194AE4 /* Project object */ = {
			isa = PBXProject;
			attributes = {
				CLASSPREFIX = AK;
				LastSwiftUpdateCheck = 1250;
				LastUpgradeCheck = 1250;
				TargetAttributes = {
					D87AC7F22641C08900194AE4 = {
						CreatedOnToolsVersion = 12.5;
					};
				};
			};
			buildConfigurationList = D87AC7EE2641C08900194AE4 /* Build configuration list for PBXProject "Lesson_08.Dictionary" */;
			compatibilityVersion = "Xcode 9.3";
			developmentRegion = en;
			hasScannedForEncodings = 0;
			knownRegions = (
				en,
				Base,
			);
			mainGroup = D87AC7EA2641C08900194AE4;
			productRefGroup = D87AC7F42641C08900194AE4 /* Products */;
			projectDirPath = "";
			projectRoot = "";
			targets = (
				D87AC7F22641C08900194AE4 /* Lesson_08.Dictionary */,
			);
		};
/* End PBXProject section */

/* Begin PBXResourcesBuildPhase section */
		D87AC7F12641C08900194AE4 /* Resources */ = {
			isa = PBXResourcesBuildPhase;
			buildActionMask = 2147483647;
			files = (
				D87AC8032641C08A00194AE4 /* LaunchScreen.storyboard in Resources */,
				D87AC8002641C08A00194AE4 /* Assets.xcassets in Resources */,
				D87AC7FE2641C08900194AE4 /* Main.storyboard in Resources */,
			);
			runOnlyForDeploymentPostprocessing = 0;
		};
/* End PBXResourcesBuildPhase section */

/* Begin PBXSourcesBuildPhase section */
		D87AC7EF2641C08900194AE4 /* Sources */ = {
			isa = PBXSourcesBuildPhase;
			buildActionMask = 2147483647;
			files = (
				D87AC7FB2641C08900194AE4 /* ViewController.swift in Sources */,
				D87AC80D2641C0D100194AE4 /* AKStudent.swift in Sources */,
				D87AC7F72641C08900194AE4 /* AppDelegate.swift in Sources */,
				D87AC7F92641C08900194AE4 /* SceneDelegate.swift in Sources */,
			);
			runOnlyForDeploymentPostprocessing = 0;
		};
/* End PBXSourcesBuildPhase section */

/* Begin PBXVariantGroup section */
		D87AC7FC2641C08900194AE4 /* Main.storyboard */ = {
			isa = PBXVariantGroup;
			children = (
				D87AC7FD2641C08900194AE4 /* Base */,
			);
			name = Main.storyboard;
			sourceTree = "<group>";
		};
		D87AC8012641C08A00194AE4 /* LaunchScreen.storyboard */ = {
			isa = PBXVariantGroup;
			children = (
				D87AC8022641C08A00194AE4 /* Base */,
			);
			name = LaunchScreen.storyboard;
			sourceTree = "<group>";
		};
/* End PBXVariantGroup section */

/* Begin XCBuildConfiguration section */
		D87AC8052641C08A00194AE4 /* Debug */ = {
			isa = XCBuildConfiguration;
			buildSettings = {
				ALWAYS_SEARCH_USER_PATHS = NO;
				CLANG_ANALYZER_NONNULL = YES;
				CLANG_ANALYZER_NUMBER_OBJECT_CONVERSION = YES_AGGRESSIVE;
				CLANG_CXX_LANGUAGE_STANDARD = "gnu++14";
				CLANG_CXX_LIBRARY = "libc++";
				CLANG_ENABLE_MODULES = YES;
				CLANG_ENABLE_OBJC_ARC = YES;
				CLANG_ENABLE_OBJC_WEAK = YES;
				CLANG_WARN_BLOCK_CAPTURE_AUTORELEASING = YES;
				CLANG_WARN_BOOL_CONVERSION = YES;
				CLANG_WARN_COMMA = YES;
				CLANG_WARN_CONSTANT_CONVERSION = YES;
				CLANG_WARN_DEPRECATED_OBJC_IMPLEMENTATIONS = YES;
				CLANG_WARN_DIRECT_OBJC_ISA_USAGE = YES_ERROR;
				CLANG_WARN_DOCUMENTATION_COMMENTS = YES;
				CLANG_WARN_EMPTY_BODY = YES;
				CLANG_WARN_ENUM_CONVERSION = YES;
				CLANG_WARN_INFINITE_RECURSION = YES;
				CLANG_WARN_INT_CONVERSION = YES;
				CLANG_WARN_NON_LITERAL_NULL_CONVERSION = YES;
				CLANG_WARN_OBJC_IMPLICIT_RETAIN_SELF = YES;
				CLANG_WARN_OBJC_LITERAL_CONVERSION = YES;
				CLANG_WARN_OBJC_ROOT_CLASS = YES_ERROR;
				CLANG_WARN_QUOTED_INCLUDE_IN_FRAMEWORK_HEADER = YES;
				CLANG_WARN_RANGE_LOOP_ANALYSIS = YES;
				CLANG_WARN_STRICT_PROTOTYPES = YES;
				CLANG_WARN_SUSPICIOUS_MOVE = YES;
				CLANG_WARN_UNGUARDED_AVAILABILITY = YES_AGGRESSIVE;
				CLANG_WARN_UNREACHABLE_CODE = YES;
				CLANG_WARN__DUPLICATE_METHOD_MATCH = YES;
				COPY_PHASE_STRIP = NO;
				DEBUG_INFORMATION_FORMAT = dwarf;
				ENABLE_STRICT_OBJC_MSGSEND = YES;
				ENABLE_TESTABILITY = YES;
				GCC_C_LANGUAGE_STANDARD = gnu11;
				GCC_DYNAMIC_NO_PIC = NO;
				GCC_NO_COMMON_BLOCKS = YES;
				GCC_OPTIMIZATION_LEVEL = 0;
				GCC_PREPROCESSOR_DEFINITIONS = (
					"DEBUG=1",
					"$(inherited)",
				);
				GCC_WARN_64_TO_32_BIT_CONVERSION = YES;
				GCC_WARN_ABOUT_RETURN_TYPE = YES_ERROR;
				GCC_WARN_UNDECLARED_SELECTOR = YES;
				GCC_WARN_UNINITIALIZED_AUTOS = YES_AGGRESSIVE;
				GCC_WARN_UNUSED_FUNCTION = YES;
				GCC_WARN_UNUSED_VARIABLE = YES;
				IPHONEOS_DEPLOYMENT_TARGET = 14.5;
				MTL_ENABLE_DEBUG_INFO = INCLUDE_SOURCE;
				MTL_FAST_MATH = YES;
				ONLY_ACTIVE_ARCH = YES;
				SDKROOT = iphoneos;
				SWIFT_ACTIVE_COMPILATION_CONDITIONS = DEBUG;
				SWIFT_OPTIMIZATION_LEVEL = "-Onone";
			};
			name = Debug;
		};
		D87AC8062641C08A00194AE4 /* Release */ = {
			isa = XCBuildConfiguration;
			buildSettings = {
				ALWAYS_SEARCH_USER_PATHS = NO;
				CLANG_ANALYZER_NONNULL = YES;
				CLANG_ANALYZER_NUMBER_OBJECT_CONVERSION = YES_AGGRESSIVE;
				CLANG_CXX_LANGUAGE_STANDARD = "gnu++14";
				CLANG_CXX_LIBRARY = "libc++";
				CLANG_ENABLE_MODULES = YES;
				CLANG_ENABLE_OBJC_ARC = YES;
				CLANG_ENABLE_OBJC_WEAK = YES;
				CLANG_WARN_BLOCK_CAPTURE_AUTORELEASING = YES;
				CLANG_WARN_BOOL_CONVERSION = YES;
				CLANG_WARN_COMMA = YES;
				CLANG_WARN_CONSTANT_CONVERSION = YES;
				CLANG_WARN_DEPRECATED_OBJC_IMPLEMENTATIONS = YES;
				CLANG_WARN_DIRECT_OBJC_ISA_USAGE = YES_ERROR;
				CLANG_WARN_DOCUMENTATION_COMMENTS = YES;
				CLANG_WARN_EMPTY_BODY = YES;
				CLANG_WARN_ENUM_CONVERSION = YES;
				CLANG_WARN_INFINITE_RECURSION = YES;
				CLANG_WARN_INT_CONVERSION = YES;
				CLANG_WARN_NON_LITERAL_NULL_CONVERSION = YES;
				CLANG_WARN_OBJC_IMPLICIT_RETAIN_SELF = YES;
				CLANG_WARN_OBJC_LITERAL_CONVERSION = YES;
				CLANG_WARN_OBJC_ROOT_CLASS = YES_ERROR;
				CLANG_WARN_QUOTED_INCLUDE_IN_FRAMEWORK_HEADER = YES;
				CLANG_WARN_RANGE_LOOP_ANALYSIS = YES;
				CLANG_WARN_STRICT_PROTOTYPES = YES;
				CLANG_WARN_SUSPICIOUS_MOVE = YES;
				CLANG_WARN_UNGUARDED_AVAILABILITY = YES_AGGRESSIVE;
				CLANG_WARN_UNREACHABLE_CODE = YES;
				CLANG_WARN__DUPLICATE_METHOD_MATCH = YES;
				COPY_PHASE_STRIP = NO;
				DEBUG_INFORMATION_FORMAT = "dwarf-with-dsym";
				ENABLE_NS_ASSERTIONS = NO;
				ENABLE_STRICT_OBJC_MSGSEND = YES;
				GCC_C_LANGUAGE_STANDARD = gnu11;
				GCC_NO_COMMON_BLOCKS = YES;
				GCC_WARN_64_TO_32_BIT_CONVERSION = YES;
				GCC_WARN_ABOUT_RETURN_TYPE = YES_ERROR;
				GCC_WARN_UNDECLARED_SELECTOR = YES;
				GCC_WARN_UNINITIALIZED_AUTOS = YES_AGGRESSIVE;
				GCC_WARN_UNUSED_FUNCTION = YES;
				GCC_WARN_UNUSED_VARIABLE = YES;
				IPHONEOS_DEPLOYMENT_TARGET = 14.5;
				MTL_ENABLE_DEBUG_INFO = NO;
				MTL_FAST_MATH = YES;
				SDKROOT = iphoneos;
				SWIFT_COMPILATION_MODE = wholemodule;
				SWIFT_OPTIMIZATION_LEVEL = "-O";
				VALIDATE_PRODUCT = YES;
			};
			name = Release;
		};
		D87AC8082641C08A00194AE4 /* Debug */ = {
			isa = XCBuildConfiguration;
			buildSettings = {
				ASSETCATALOG_COMPILER_APPICON_NAME = AppIcon;
				ASSETCATALOG_COMPILER_GLOBAL_ACCENT_COLOR_NAME = AccentColor;
				CODE_SIGN_STYLE = Automatic;
				INFOPLIST_FILE = Lesson_08.Dictionary/Info.plist;
				LD_RUNPATH_SEARCH_PATHS = (
					"$(inherited)",
					"@executable_path/Frameworks",
				);
				PRODUCT_BUNDLE_IDENTIFIER = "AlxKan.Lesson-08-Dictionary";
				PRODUCT_NAME = "$(TARGET_NAME)";
				SWIFT_VERSION = 5.0;
				TARGETED_DEVICE_FAMILY = "1,2";
			};
			name = Debug;
		};
		D87AC8092641C08A00194AE4 /* Release */ = {
			isa = XCBuildConfiguration;
			buildSettings = {
				ASSETCATALOG_COMPILER_APPICON_NAME = AppIcon;
				ASSETCATALOG_COMPILER_GLOBAL_ACCENT_COLOR_NAME = AccentColor;
				CODE_SIGN_STYLE = Automatic;
				INFOPLIST_FILE = Lesson_08.Dictionary/Info.plist;
				LD_RUNPATH_SEARCH_PATHS = (
					"$(inherited)",
					"@executable_path/Frameworks",
				);
				PRODUCT_BUNDLE_IDENTIFIER = "AlxKan.Lesson-08-Dictionary";
				PRODUCT_NAME = "$(TARGET_NAME)";
				SWIFT_VERSION = 5.0;
				TARGETED_DEVICE_FAMILY = "1,2";
			};
			name = Release;
		};
/* End XCBuildConfiguration section */

/* Begin XCConfigurationList section */
		D87AC7EE2641C08900194AE4 /* Build configuration list for PBXProject "Lesson_08.Dictionary" */ = {
			isa = XCConfigurationList;
			buildConfigurations = (
				D87AC8052641C08A00194AE4 /* Debug */,
				D87AC8062641C08A00194AE4 /* Release */,
			);
			defaultConfigurationIsVisible = 0;
			defaultConfigurationName = Release;
		};
		D87AC8072641C08A00194AE4 /* Build configuration list for PBXNativeTarget "Lesson_08.Dictionary" */ = {
			isa = XCConfigurationList;
			buildConfigurations = (
				D87AC8082641C08A00194AE4 /* Debug */,
				D87AC8092641C08A00194AE4 /* Release */,
			);
			defaultConfigurationIsVisible = 0;
			defaultConfigurationName = Release;
		};
/* End XCConfigurationList section */
	};
	rootObject = D87AC7EB2641C08900194AE4 /* Project object */;
}
