// !$*UTF8*$!
{
	archiveVersion = 1;
	classes = {
	};
	objectVersion = 50;
	objects = {

/* Begin PBXBuildFile section */
		D810740626E61B93005EFEC6 /* AppDelegate.swift in Sources */ = {isa = PBXBuildFile; fileRef = D810740526E61B93005EFEC6 /* AppDelegate.swift */; };
		D810740826E61B93005EFEC6 /* SceneDelegate.swift in Sources */ = {isa = PBXBuildFile; fileRef = D810740726E61B93005EFEC6 /* SceneDelegate.swift */; };
		D810740A26E61B93005EFEC6 /* ViewController.swift in Sources */ = {isa = PBXBuildFile; fileRef = D810740926E61B93005EFEC6 /* ViewController.swift */; };
		D810740D26E61B93005EFEC6 /* Main.storyboard in Resources */ = {isa = PBXBuildFile; fileRef = D810740B26E61B93005EFEC6 /* Main.storyboard */; };
		D810740F26E61B94005EFEC6 /* Assets.xcassets in Resources */ = {isa = PBXBuildFile; fileRef = D810740E26E61B94005EFEC6 /* Assets.xcassets */; };
		D810741226E61B94005EFEC6 /* LaunchScreen.storyboard in Resources */ = {isa = PBXBuildFile; fileRef = D810741026E61B94005EFEC6 /* LaunchScreen.storyboard */; };
		D810741B26E61BC3005EFEC6 /* AKStudent.swift in Sources */ = {isa = PBXBuildFile; fileRef = D810741A26E61BC3005EFEC6 /* AKStudent.swift */; };
		D831290726EB4085006CE357 /* AKBestStudent.swift in Sources */ = {isa = PBXBuildFile; fileRef = D831290626EB4085006CE357 /* AKBestStudent.swift */; };
/* End PBXBuildFile section */

/* Begin PBXFileReference section */
		D810740226E61B93005EFEC6 /* Homework_13.Multithreading.Swift.app */ = {isa = PBXFileReference; explicitFileType = wrapper.application; includeInIndex = 0; path = Homework_13.Multithreading.Swift.app; sourceTree = BUILT_PRODUCTS_DIR; };
		D810740526E61B93005EFEC6 /* AppDelegate.swift */ = {isa = PBXFileReference; lastKnownFileType = sourcecode.swift; path = AppDelegate.swift; sourceTree = "<group>"; };
		D810740726E61B93005EFEC6 /* SceneDelegate.swift */ = {isa = PBXFileReference; lastKnownFileType = sourcecode.swift; path = SceneDelegate.swift; sourceTree = "<group>"; };
		D810740926E61B93005EFEC6 /* ViewController.swift */ = {isa = PBXFileReference; lastKnownFileType = sourcecode.swift; path = ViewController.swift; sourceTree = "<group>"; };
		D810740C26E61B93005EFEC6 /* Base */ = {isa = PBXFileReference; lastKnownFileType = file.storyboard; name = Base; path = Base.lproj/Main.storyboard; sourceTree = "<group>"; };
		D810740E26E61B94005EFEC6 /* Assets.xcassets */ = {isa = PBXFileReference; lastKnownFileType = folder.assetcatalog; path = Assets.xcassets; sourceTree = "<group>"; };
		D810741126E61B94005EFEC6 /* Base */ = {isa = PBXFileReference; lastKnownFileType = file.storyboard; name = Base; path = Base.lproj/LaunchScreen.storyboard; sourceTree = "<group>"; };
		D810741326E61B94005EFEC6 /* Info.plist */ = {isa = PBXFileReference; lastKnownFileType = text.plist.xml; path = Info.plist; sourceTree = "<group>"; };
		D810741A26E61BC3005EFEC6 /* AKStudent.swift */ = {isa = PBXFileReference; lastKnownFileType = sourcecode.swift; path = AKStudent.swift; sourceTree = "<group>"; };
		D831290626EB4085006CE357 /* AKBestStudent.swift */ = {isa = PBXFileReference; lastKnownFileType = sourcecode.swift; path = AKBestStudent.swift; sourceTree = "<group>"; };
/* End PBXFileReference section */

/* Begin PBXFrameworksBuildPhase section */
		D81073FF26E61B93005EFEC6 /* Frameworks */ = {
			isa = PBXFrameworksBuildPhase;
			buildActionMask = 2147483647;
			files = (
			);
			runOnlyForDeploymentPostprocessing = 0;
		};
/* End PBXFrameworksBuildPhase section */

/* Begin PBXGroup section */
		D81073F926E61B93005EFEC6 = {
			isa = PBXGroup;
			children = (
				D810740426E61B93005EFEC6 /* Homework_13.Multithreading.Swift */,
				D810740326E61B93005EFEC6 /* Products */,
			);
			sourceTree = "<group>";
		};
		D810740326E61B93005EFEC6 /* Products */ = {
			isa = PBXGroup;
			children = (
				D810740226E61B93005EFEC6 /* Homework_13.Multithreading.Swift.app */,
			);
			name = Products;
			sourceTree = "<group>";
		};
		D810740426E61B93005EFEC6 /* Homework_13.Multithreading.Swift */ = {
			isa = PBXGroup;
			children = (
				D810741926E61BAC005EFEC6 /* Classes */,
				D810740526E61B93005EFEC6 /* AppDelegate.swift */,
				D810740726E61B93005EFEC6 /* SceneDelegate.swift */,
				D810740926E61B93005EFEC6 /* ViewController.swift */,
				D810740B26E61B93005EFEC6 /* Main.storyboard */,
				D810740E26E61B94005EFEC6 /* Assets.xcassets */,
				D810741026E61B94005EFEC6 /* LaunchScreen.storyboard */,
				D810741326E61B94005EFEC6 /* Info.plist */,
			);
			path = Homework_13.Multithreading.Swift;
			sourceTree = "<group>";
		};
		D810741926E61BAC005EFEC6 /* Classes */ = {
			isa = PBXGroup;
			children = (
				D810741A26E61BC3005EFEC6 /* AKStudent.swift */,
				D831290626EB4085006CE357 /* AKBestStudent.swift */,
			);
			path = Classes;
			sourceTree = "<group>";
		};
/* End PBXGroup section */

/* Begin PBXNativeTarget section */
		D810740126E61B93005EFEC6 /* Homework_13.Multithreading.Swift */ = {
			isa = PBXNativeTarget;
			buildConfigurationList = D810741626E61B94005EFEC6 /* Build configuration list for PBXNativeTarget "Homework_13.Multithreading.Swift" */;
			buildPhases = (
				D81073FE26E61B93005EFEC6 /* Sources */,
				D81073FF26E61B93005EFEC6 /* Frameworks */,
				D810740026E61B93005EFEC6 /* Resources */,
			);
			buildRules = (
			);
			dependencies = (
			);
			name = Homework_13.Multithreading.Swift;
			productName = Homework_13.Multithreading.Swift;
			productReference = D810740226E61B93005EFEC6 /* Homework_13.Multithreading.Swift.app */;
			productType = "com.apple.product-type.application";
		};
/* End PBXNativeTarget section */

/* Begin PBXProject section */
		D81073FA26E61B93005EFEC6 /* Project object */ = {
			isa = PBXProject;
			attributes = {
				CLASSPREFIX = AK;
				LastSwiftUpdateCheck = 1250;
				LastUpgradeCheck = 1250;
				TargetAttributes = {
					D810740126E61B93005EFEC6 = {
						CreatedOnToolsVersion = 12.5.1;
					};
				};
			};
			buildConfigurationList = D81073FD26E61B93005EFEC6 /* Build configuration list for PBXProject "Homework_13.Multithreading.Swift" */;
			compatibilityVersion = "Xcode 9.3";
			developmentRegion = en;
			hasScannedForEncodings = 0;
			knownRegions = (
				en,
				Base,
			);
			mainGroup = D81073F926E61B93005EFEC6;
			productRefGroup = D810740326E61B93005EFEC6 /* Products */;
			projectDirPath = "";
			projectRoot = "";
			targets = (
				D810740126E61B93005EFEC6 /* Homework_13.Multithreading.Swift */,
			);
		};
/* End PBXProject section */

/* Begin PBXResourcesBuildPhase section */
		D810740026E61B93005EFEC6 /* Resources */ = {
			isa = PBXResourcesBuildPhase;
			buildActionMask = 2147483647;
			files = (
				D810741226E61B94005EFEC6 /* LaunchScreen.storyboard in Resources */,
				D810740F26E61B94005EFEC6 /* Assets.xcassets in Resources */,
				D810740D26E61B93005EFEC6 /* Main.storyboard in Resources */,
			);
			runOnlyForDeploymentPostprocessing = 0;
		};
/* End PBXResourcesBuildPhase section */

/* Begin PBXSourcesBuildPhase section */
		D81073FE26E61B93005EFEC6 /* Sources */ = {
			isa = PBXSourcesBuildPhase;
			buildActionMask = 2147483647;
			files = (
				D810740A26E61B93005EFEC6 /* ViewController.swift in Sources */,
				D831290726EB4085006CE357 /* AKBestStudent.swift in Sources */,
				D810741B26E61BC3005EFEC6 /* AKStudent.swift in Sources */,
				D810740626E61B93005EFEC6 /* AppDelegate.swift in Sources */,
				D810740826E61B93005EFEC6 /* SceneDelegate.swift in Sources */,
			);
			runOnlyForDeploymentPostprocessing = 0;
		};
/* End PBXSourcesBuildPhase section */

/* Begin PBXVariantGroup section */
		D810740B26E61B93005EFEC6 /* Main.storyboard */ = {
			isa = PBXVariantGroup;
			children = (
				D810740C26E61B93005EFEC6 /* Base */,
			);
			name = Main.storyboard;
			sourceTree = "<group>";
		};
		D810741026E61B94005EFEC6 /* LaunchScreen.storyboard */ = {
			isa = PBXVariantGroup;
			children = (
				D810741126E61B94005EFEC6 /* Base */,
			);
			name = LaunchScreen.storyboard;
			sourceTree = "<group>";
		};
/* End PBXVariantGroup section */

/* Begin XCBuildConfiguration section */
		D810741426E61B94005EFEC6 /* Debug */ = {
			isa = XCBuildConfiguration;
			buildSettings = {
				ALWAYS_SEARCH_USER_PATHS = NO;
				CLANG_ANALYZER_NONNULL = YES;
				CLANG_ANALYZER_NUMBER_OBJECT_CONVERSION = YES_AGGRESSIVE;
				CLANG_CXX_LANGUAGE_STANDARD = "gnu++14";
				CLANG_CXX_LIBRARY = "libc++";
				CLANG_ENABLE_MODULES = YES;
				CLANG_ENABLE_OBJC_ARC = YES;
				CLANG_ENABLE_OBJC_WEAK = YES;
				CLANG_WARN_BLOCK_CAPTURE_AUTORELEASING = YES;
				CLANG_WARN_BOOL_CONVERSION = YES;
				CLANG_WARN_COMMA = YES;
				CLANG_WARN_CONSTANT_CONVERSION = YES;
				CLANG_WARN_DEPRECATED_OBJC_IMPLEMENTATIONS = YES;
				CLANG_WARN_DIRECT_OBJC_ISA_USAGE = YES_ERROR;
				CLANG_WARN_DOCUMENTATION_COMMENTS = YES;
				CLANG_WARN_EMPTY_BODY = YES;
				CLANG_WARN_ENUM_CONVERSION = YES;
				CLANG_WARN_INFINITE_RECURSION = YES;
				CLANG_WARN_INT_CONVERSION = YES;
				CLANG_WARN_NON_LITERAL_NULL_CONVERSION = YES;
				CLANG_WARN_OBJC_IMPLICIT_RETAIN_SELF = YES;
				CLANG_WARN_OBJC_LITERAL_CONVERSION = YES;
				CLANG_WARN_OBJC_ROOT_CLASS = YES_ERROR;
				CLANG_WARN_QUOTED_INCLUDE_IN_FRAMEWORK_HEADER = YES;
				CLANG_WARN_RANGE_LOOP_ANALYSIS = YES;
				CLANG_WARN_STRICT_PROTOTYPES = YES;
				CLANG_WARN_SUSPICIOUS_MOVE = YES;
				CLANG_WARN_UNGUARDED_AVAILABILITY = YES_AGGRESSIVE;
				CLANG_WARN_UNREACHABLE_CODE = YES;
				CLANG_WARN__DUPLICATE_METHOD_MATCH = YES;
				COPY_PHASE_STRIP = NO;
				DEBUG_INFORMATION_FORMAT = dwarf;
				ENABLE_STRICT_OBJC_MSGSEND = YES;
				ENABLE_TESTABILITY = YES;
				GCC_C_LANGUAGE_STANDARD = gnu11;
				GCC_DYNAMIC_NO_PIC = NO;
				GCC_NO_COMMON_BLOCKS = YES;
				GCC_OPTIMIZATION_LEVEL = 0;
				GCC_PREPROCESSOR_DEFINITIONS = (
					"DEBUG=1",
					"$(inherited)",
				);
				GCC_WARN_64_TO_32_BIT_CONVERSION = YES;
				GCC_WARN_ABOUT_RETURN_TYPE = YES_ERROR;
				GCC_WARN_UNDECLARED_SELECTOR = YES;
				GCC_WARN_UNINITIALIZED_AUTOS = YES_AGGRESSIVE;
				GCC_WARN_UNUSED_FUNCTION = YES;
				GCC_WARN_UNUSED_VARIABLE = YES;
				IPHONEOS_DEPLOYMENT_TARGET = 14.5;
				MTL_ENABLE_DEBUG_INFO = INCLUDE_SOURCE;
				MTL_FAST_MATH = YES;
				ONLY_ACTIVE_ARCH = YES;
				SDKROOT = iphoneos;
				SWIFT_ACTIVE_COMPILATION_CONDITIONS = DEBUG;
				SWIFT_OPTIMIZATION_LEVEL = "-Onone";
			};
			name = Debug;
		};
		D810741526E61B94005EFEC6 /* Release */ = {
			isa = XCBuildConfiguration;
			buildSettings = {
				ALWAYS_SEARCH_USER_PATHS = NO;
				CLANG_ANALYZER_NONNULL = YES;
				CLANG_ANALYZER_NUMBER_OBJECT_CONVERSION = YES_AGGRESSIVE;
				CLANG_CXX_LANGUAGE_STANDARD = "gnu++14";
				CLANG_CXX_LIBRARY = "libc++";
				CLANG_ENABLE_MODULES = YES;
				CLANG_ENABLE_OBJC_ARC = YES;
				CLANG_ENABLE_OBJC_WEAK = YES;
				CLANG_WARN_BLOCK_CAPTURE_AUTORELEASING = YES;
				CLANG_WARN_BOOL_CONVERSION = YES;
				CLANG_WARN_COMMA = YES;
				CLANG_WARN_CONSTANT_CONVERSION = YES;
				CLANG_WARN_DEPRECATED_OBJC_IMPLEMENTATIONS = YES;
				CLANG_WARN_DIRECT_OBJC_ISA_USAGE = YES_ERROR;
				CLANG_WARN_DOCUMENTATION_COMMENTS = YES;
				CLANG_WARN_EMPTY_BODY = YES;
				CLANG_WARN_ENUM_CONVERSION = YES;
				CLANG_WARN_INFINITE_RECURSION = YES;
				CLANG_WARN_INT_CONVERSION = YES;
				CLANG_WARN_NON_LITERAL_NULL_CONVERSION = YES;
				CLANG_WARN_OBJC_IMPLICIT_RETAIN_SELF = YES;
				CLANG_WARN_OBJC_LITERAL_CONVERSION = YES;
				CLANG_WARN_OBJC_ROOT_CLASS = YES_ERROR;
				CLANG_WARN_QUOTED_INCLUDE_IN_FRAMEWORK_HEADER = YES;
				CLANG_WARN_RANGE_LOOP_ANALYSIS = YES;
				CLANG_WARN_STRICT_PROTOTYPES = YES;
				CLANG_WARN_SUSPICIOUS_MOVE = YES;
				CLANG_WARN_UNGUARDED_AVAILABILITY = YES_AGGRESSIVE;
				CLANG_WARN_UNREACHABLE_CODE = YES;
				CLANG_WARN__DUPLICATE_METHOD_MATCH = YES;
				COPY_PHASE_STRIP = NO;
				DEBUG_INFORMATION_FORMAT = "dwarf-with-dsym";
				ENABLE_NS_ASSERTIONS = NO;
				ENABLE_STRICT_OBJC_MSGSEND = YES;
				GCC_C_LANGUAGE_STANDARD = gnu11;
				GCC_NO_COMMON_BLOCKS = YES;
				GCC_WARN_64_TO_32_BIT_CONVERSION = YES;
				GCC_WARN_ABOUT_RETURN_TYPE = YES_ERROR;
				GCC_WARN_UNDECLARED_SELECTOR = YES;
				GCC_WARN_UNINITIALIZED_AUTOS = YES_AGGRESSIVE;
				GCC_WARN_UNUSED_FUNCTION = YES;
				GCC_WARN_UNUSED_VARIABLE = YES;
				IPHONEOS_DEPLOYMENT_TARGET = 14.5;
				MTL_ENABLE_DEBUG_INFO = NO;
				MTL_FAST_MATH = YES;
				SDKROOT = iphoneos;
				SWIFT_COMPILATION_MODE = wholemodule;
				SWIFT_OPTIMIZATION_LEVEL = "-O";
				VALIDATE_PRODUCT = YES;
			};
			name = Release;
		};
		D810741726E61B94005EFEC6 /* Debug */ = {
			isa = XCBuildConfiguration;
			buildSettings = {
				ASSETCATALOG_COMPILER_APPICON_NAME = AppIcon;
				ASSETCATALOG_COMPILER_GLOBAL_ACCENT_COLOR_NAME = AccentColor;
				CODE_SIGN_STYLE = Automatic;
				INFOPLIST_FILE = Homework_13.Multithreading.Swift/Info.plist;
				LD_RUNPATH_SEARCH_PATHS = (
					"$(inherited)",
					"@executable_path/Frameworks",
				);
				PRODUCT_BUNDLE_IDENTIFIER = "AlxKan.Homework-13-Multithreading-Swift";
				PRODUCT_NAME = "$(TARGET_NAME)";
				SWIFT_VERSION = 5.0;
				TARGETED_DEVICE_FAMILY = "1,2";
			};
			name = Debug;
		};
		D810741826E61B94005EFEC6 /* Release */ = {
			isa = XCBuildConfiguration;
			buildSettings = {
				ASSETCATALOG_COMPILER_APPICON_NAME = AppIcon;
				ASSETCATALOG_COMPILER_GLOBAL_ACCENT_COLOR_NAME = AccentColor;
				CODE_SIGN_STYLE = Automatic;
				INFOPLIST_FILE = Homework_13.Multithreading.Swift/Info.plist;
				LD_RUNPATH_SEARCH_PATHS = (
					"$(inherited)",
					"@executable_path/Frameworks",
				);
				PRODUCT_BUNDLE_IDENTIFIER = "AlxKan.Homework-13-Multithreading-Swift";
				PRODUCT_NAME = "$(TARGET_NAME)";
				SWIFT_VERSION = 5.0;
				TARGETED_DEVICE_FAMILY = "1,2";
			};
			name = Release;
		};
/* End XCBuildConfiguration section */

/* Begin XCConfigurationList section */
		D81073FD26E61B93005EFEC6 /* Build configuration list for PBXProject "Homework_13.Multithreading.Swift" */ = {
			isa = XCConfigurationList;
			buildConfigurations = (
				D810741426E61B94005EFEC6 /* Debug */,
				D810741526E61B94005EFEC6 /* Release */,
			);
			defaultConfigurationIsVisible = 0;
			defaultConfigurationName = Release;
		};
		D810741626E61B94005EFEC6 /* Build configuration list for PBXNativeTarget "Homework_13.Multithreading.Swift" */ = {
			isa = XCConfigurationList;
			buildConfigurations = (
				D810741726E61B94005EFEC6 /* Debug */,
				D810741826E61B94005EFEC6 /* Release */,
			);
			defaultConfigurationIsVisible = 0;
			defaultConfigurationName = Release;
		};
/* End XCConfigurationList section */
	};
	rootObject = D81073FA26E61B93005EFEC6 /* Project object */;
}
